
Microsoft Visual Studio Solution File, Format Version 12.00
# Visual Studio Version 16
VisualStudioVersion = 16.0.810.6
MinimumVisualStudioVersion = 10.0.40219.1
Project("{FAE04EC0-301F-11D3-BF4B-00C04F79EFBC}") = "TodoApi", "TodoApi.csproj", "{DBCA066B-080D-47B9-A1E0-5E4F735746EE}"
EndProject
Global
	GlobalSection(SolutionConfigurationPlatforms) = preSolution
		Debug|Any CPU = Debug|Any CPU
		Release|Any CPU = Release|Any CPU
	EndGlobalSection
	GlobalSection(ProjectConfigurationPlatforms) = postSolution
		{DBCA066B-080D-47B9-A1E0-5E4F735746EE}.Debug|Any CPU.ActiveCfg = Debug|Any CPU
		{DBCA066B-080D-47B9-A1E0-5E4F735746EE}.Debug|Any CPU.Build.0 = Debug|Any CPU
		{DBCA066B-080D-47B9-A1E0-5E4F735746EE}.Release|Any CPU.ActiveCfg = Release|Any CPU
		{DBCA066B-080D-47B9-A1E0-5E4F735746EE}.Release|Any CPU.Build.0 = Release|Any CPU
	EndGlobalSection
	GlobalSection(SolutionProperties) = preSolution
		HideSolutionNode = FALSE
	EndGlobalSection
	GlobalSection(ExtensibilityGlobals) = postSolution
		SolutionGuid = {4F3B43E5-2583-458A-8432-1C577691BED2}
	EndGlobalSection
EndGlobal
